
Microsoft Visual Studio Solution File, Format Version 12.00
# Visual Studio 15
VisualStudioVersion = 15.0.28010.2019
MinimumVisualStudioVersion = 10.0.40219.1
Project("{FAE04EC0-301F-11D3-BF4B-00C04F79EFBC}") = "WpfApp1", "WpfApp1\WpfApp1.csproj", "{2233B96D-5008-432B-8A5F-26580168B78A}"
EndProject
Project("{8BC9CEB8-8B4A-11D0-8D11-00A0C91BC942}") = "Project1", "Project1\Project1.vcxproj", "{3FB0E700-B6DD-4EDA-9546-BC193BE30107}"
EndProject
Global
	GlobalSection(SolutionConfigurationPlatforms) = preSolution
		Debug|Any CPU = Debug|Any CPU
		Debug|x64 = Debug|x64
		Debug|x86 = Debug|x86
		Release|Any CPU = Release|Any CPU
		Release|x64 = Release|x64
		Release|x86 = Release|x86
	EndGlobalSection
	GlobalSection(ProjectConfigurationPlatforms) = postSolution
		{2233B96D-5008-432B-8A5F-26580168B78A}.Debug|Any CPU.ActiveCfg = Debug|Any CPU
		{2233B96D-5008-432B-8A5F-26580168B78A}.Debug|Any CPU.Build.0 = Debug|Any CPU
		{2233B96D-5008-432B-8A5F-26580168B78A}.Debug|x64.ActiveCfg = Debug|Any CPU
		{2233B96D-5008-432B-8A5F-26580168B78A}.Debug|x64.Build.0 = Debug|Any CPU
		{2233B96D-5008-432B-8A5F-26580168B78A}.Debug|x86.ActiveCfg = Debug|Any CPU
		{2233B96D-5008-432B-8A5F-26580168B78A}.Debug|x86.Build.0 = Debug|Any CPU
		{2233B96D-5008-432B-8A5F-26580168B78A}.Release|Any CPU.ActiveCfg = Release|Any CPU
		{2233B96D-5008-432B-8A5F-26580168B78A}.Release|Any CPU.Build.0 = Release|Any CPU
		{2233B96D-5008-432B-8A5F-26580168B78A}.Release|x64.ActiveCfg = Release|Any CPU
		{2233B96D-5008-432B-8A5F-26580168B78A}.Release|x64.Build.0 = Release|Any CPU
		{2233B96D-5008-432B-8A5F-26580168B78A}.Release|x86.ActiveCfg = Release|Any CPU
		{2233B96D-5008-432B-8A5F-26580168B78A}.Release|x86.Build.0 = Release|Any CPU
		{3FB0E700-B6DD-4EDA-9546-BC193BE30107}.Debug|Any CPU.ActiveCfg = Debug|Win32
		{3FB0E700-B6DD-4EDA-9546-BC193BE30107}.Debug|Any CPU.Build.0 = Debug|Win32
		{3FB0E700-B6DD-4EDA-9546-BC193BE30107}.Debug|x64.ActiveCfg = Debug|x64
		{3FB0E700-B6DD-4EDA-9546-BC193BE30107}.Debug|x64.Build.0 = Debug|x64
		{3FB0E700-B6DD-4EDA-9546-BC193BE30107}.Debug|x86.ActiveCfg = Debug|Win32
		{3FB0E700-B6DD-4EDA-9546-BC193BE30107}.Debug|x86.Build.0 = Debug|Win32
		{3FB0E700-B6DD-4EDA-9546-BC193BE30107}.Release|Any CPU.ActiveCfg = Release|Win32
		{3FB0E700-B6DD-4EDA-9546-BC193BE30107}.Release|x64.ActiveCfg = Release|x64
		{3FB0E700-B6DD-4EDA-9546-BC193BE30107}.Release|x64.Build.0 = Release|x64
		{3FB0E700-B6DD-4EDA-9546-BC193BE30107}.Release|x86.ActiveCfg = Release|Win32
		{3FB0E700-B6DD-4EDA-9546-BC193BE30107}.Release|x86.Build.0 = Release|Win32
	EndGlobalSection
	GlobalSection(SolutionProperties) = preSolution
		HideSolutionNode = FALSE
	EndGlobalSection
	GlobalSection(ExtensibilityGlobals) = postSolution
		SolutionGuid = {C24377CF-AA5C-498C-ADB0-4F23DC24995A}
	EndGlobalSection
EndGlobal
